
Microsoft Visual Studio Solution File, Format Version 12.00
# Visual Studio Version 17
VisualStudioVersion = 17.3.32825.248
MinimumVisualStudioVersion = 10.0.40219.1
Project("{9A19103F-16F7-4668-BE54-9A1E7A4F7556}") = "OHSProgramApi", "OHSProgramApi.csproj", "{5E77E3FE-9793-4F0A-BF40-2E80E7D84DAD}"
EndProject
Project("{9A19103F-16F7-4668-BE54-9A1E7A4F7556}") = "Model", "..\Model\Model.csproj", "{7C3070B6-70A2-4D8B-AD9D-40D97E92C017}"
EndProject
Project("{9A19103F-16F7-4668-BE54-9A1E7A4F7556}") = "DTO", "..\DTO\DTO.csproj", "{5A6451E7-209E-40EA-A997-0F515A2A8812}"
EndProject
Project("{9A19103F-16F7-4668-BE54-9A1E7A4F7556}") = "DAL", "..\DAL\DAL.csproj", "{D7EF3B90-D1E8-41AA-9852-21EADE2213A0}"
EndProject
Project("{9A19103F-16F7-4668-BE54-9A1E7A4F7556}") = "Business", "..\Business\Business.csproj", "{9691D708-A9AE-4742-B237-2BE566BFF403}"
EndProject
Global
	GlobalSection(SolutionConfigurationPlatforms) = preSolution
		Debug|Any CPU = Debug|Any CPU
		Release|Any CPU = Release|Any CPU
	EndGlobalSection
	GlobalSection(ProjectConfigurationPlatforms) = postSolution
		{5E77E3FE-9793-4F0A-BF40-2E80E7D84DAD}.Debug|Any CPU.ActiveCfg = Debug|Any CPU
		{5E77E3FE-9793-4F0A-BF40-2E80E7D84DAD}.Debug|Any CPU.Build.0 = Debug|Any CPU
		{5E77E3FE-9793-4F0A-BF40-2E80E7D84DAD}.Release|Any CPU.ActiveCfg = Release|Any CPU
		{5E77E3FE-9793-4F0A-BF40-2E80E7D84DAD}.Release|Any CPU.Build.0 = Release|Any CPU
		{7C3070B6-70A2-4D8B-AD9D-40D97E92C017}.Debug|Any CPU.ActiveCfg = Debug|Any CPU
		{7C3070B6-70A2-4D8B-AD9D-40D97E92C017}.Debug|Any CPU.Build.0 = Debug|Any CPU
		{7C3070B6-70A2-4D8B-AD9D-40D97E92C017}.Release|Any CPU.ActiveCfg = Release|Any CPU
		{7C3070B6-70A2-4D8B-AD9D-40D97E92C017}.Release|Any CPU.Build.0 = Release|Any CPU
		{5A6451E7-209E-40EA-A997-0F515A2A8812}.Debug|Any CPU.ActiveCfg = Debug|Any CPU
		{5A6451E7-209E-40EA-A997-0F515A2A8812}.Debug|Any CPU.Build.0 = Debug|Any CPU
		{5A6451E7-209E-40EA-A997-0F515A2A8812}.Release|Any CPU.ActiveCfg = Release|Any CPU
		{5A6451E7-209E-40EA-A997-0F515A2A8812}.Release|Any CPU.Build.0 = Release|Any CPU
		{D7EF3B90-D1E8-41AA-9852-21EADE2213A0}.Debug|Any CPU.ActiveCfg = Debug|Any CPU
		{D7EF3B90-D1E8-41AA-9852-21EADE2213A0}.Debug|Any CPU.Build.0 = Debug|Any CPU
		{D7EF3B90-D1E8-41AA-9852-21EADE2213A0}.Release|Any CPU.ActiveCfg = Release|Any CPU
		{D7EF3B90-D1E8-41AA-9852-21EADE2213A0}.Release|Any CPU.Build.0 = Release|Any CPU
		{9691D708-A9AE-4742-B237-2BE566BFF403}.Debug|Any CPU.ActiveCfg = Debug|Any CPU
		{9691D708-A9AE-4742-B237-2BE566BFF403}.Debug|Any CPU.Build.0 = Debug|Any CPU
		{9691D708-A9AE-4742-B237-2BE566BFF403}.Release|Any CPU.ActiveCfg = Release|Any CPU
		{9691D708-A9AE-4742-B237-2BE566BFF403}.Release|Any CPU.Build.0 = Release|Any CPU
	EndGlobalSection
	GlobalSection(SolutionProperties) = preSolution
		HideSolutionNode = FALSE
	EndGlobalSection
	GlobalSection(ExtensibilityGlobals) = postSolution
		SolutionGuid = {DE6272C1-34F4-4EE6-A23F-63FDADB4E8EE}
	EndGlobalSection
EndGlobal
